
Microsoft Visual Studio Solution File, Format Version 12.00
# Visual Studio 15
VisualStudioVersion = 15.0.26730.12
MinimumVisualStudioVersion = 10.0.40219.1
Project("{FAE04EC0-301F-11D3-BF4B-00C04F79EFBC}") = "ProcessMonitorV2", "ProcessMonitorV2\ProcessMonitorV2.csproj", "{476EAB02-2D3B-43CF-8C88-79EEF0EC79DF}"
EndProject
Global
	GlobalSection(SolutionConfigurationPlatforms) = preSolution
		Debug|Any CPU = Debug|Any CPU
		Debug|x64 = Debug|x64
		Debug|x86 = Debug|x86
		Release|Any CPU = Release|Any CPU
		Release|x64 = Release|x64
		Release|x86 = Release|x86
	EndGlobalSection
	GlobalSection(ProjectConfigurationPlatforms) = postSolution
		{476EAB02-2D3B-43CF-8C88-79EEF0EC79DF}.Debug|Any CPU.ActiveCfg = Debug|Any CPU
		{476EAB02-2D3B-43CF-8C88-79EEF0EC79DF}.Debug|Any CPU.Build.0 = Debug|Any CPU
		{476EAB02-2D3B-43CF-8C88-79EEF0EC79DF}.Debug|x64.ActiveCfg = Debug|x64
		{476EAB02-2D3B-43CF-8C88-79EEF0EC79DF}.Debug|x64.Build.0 = Debug|x64
		{476EAB02-2D3B-43CF-8C88-79EEF0EC79DF}.Debug|x86.ActiveCfg = Debug|x86
		{476EAB02-2D3B-43CF-8C88-79EEF0EC79DF}.Debug|x86.Build.0 = Debug|x86
		{476EAB02-2D3B-43CF-8C88-79EEF0EC79DF}.Release|Any CPU.ActiveCfg = Release|Any CPU
		{476EAB02-2D3B-43CF-8C88-79EEF0EC79DF}.Release|Any CPU.Build.0 = Release|Any CPU
		{476EAB02-2D3B-43CF-8C88-79EEF0EC79DF}.Release|x64.ActiveCfg = Release|x64
		{476EAB02-2D3B-43CF-8C88-79EEF0EC79DF}.Release|x64.Build.0 = Release|x64
		{476EAB02-2D3B-43CF-8C88-79EEF0EC79DF}.Release|x86.ActiveCfg = Release|x86
		{476EAB02-2D3B-43CF-8C88-79EEF0EC79DF}.Release|x86.Build.0 = Release|x86
	EndGlobalSection
	GlobalSection(SolutionProperties) = preSolution
		HideSolutionNode = FALSE
	EndGlobalSection
	GlobalSection(ExtensibilityGlobals) = postSolution
		SolutionGuid = {A2FB5622-DC42-4636-9172-93E8B7ADEBD5}
	EndGlobalSection
EndGlobal
